
Microsoft Visual Studio Solution File, Format Version 12.00
# Visual Studio 15
VisualStudioVersion = 15.0.28307.329
MinimumVisualStudioVersion = 10.0.40219.1
Project("{FAE04EC0-301F-11D3-BF4B-00C04F79EFBC}") = "Test", "SiteTest\Test.csproj", "{282CDE63-57E1-4C3B-A86D-52C872B611B6}"
EndProject
Global
	GlobalSection(SolutionConfigurationPlatforms) = preSolution
		Debug|Any CPU = Debug|Any CPU
		Release|Any CPU = Release|Any CPU
	EndGlobalSection
	GlobalSection(ProjectConfigurationPlatforms) = postSolution
		{282CDE63-57E1-4C3B-A86D-52C872B611B6}.Debug|Any CPU.ActiveCfg = Debug|Any CPU
		{282CDE63-57E1-4C3B-A86D-52C872B611B6}.Debug|Any CPU.Build.0 = Debug|Any CPU
		{282CDE63-57E1-4C3B-A86D-52C872B611B6}.Release|Any CPU.ActiveCfg = Release|Any CPU
		{282CDE63-57E1-4C3B-A86D-52C872B611B6}.Release|Any CPU.Build.0 = Release|Any CPU
	EndGlobalSection
	GlobalSection(SolutionProperties) = preSolution
		HideSolutionNode = FALSE
	EndGlobalSection
	GlobalSection(ExtensibilityGlobals) = postSolution
		SolutionGuid = {A80DDDE9-29C6-4DA1-B3B0-851D911BA821}
	EndGlobalSection
EndGlobal
